apiVersion: vendir.k14s.io/v1alpha1
directories:
- contents:
  - git:
      commitTitle: Update CredHub API doc URL...
      sha: efe8a2424526964d693afdedbfb3760deb9eba33
    path: .
  path: config/credhub/_ytt_lib/credhub
- contents:
  - git:
      commitTitle: Update UAA image reference in k8s deployment template to 75.1.0
      sha: 2776c98e3135745803ecbd099d3298ef8feb2f3b
      tags:
      - v75.1.0
    path: .
  path: config/uaa/_ytt_lib/uaa
- contents:
  - githubRelease:
      tag: v0.10.3
      url: https://api.github.com/repos/vmware-tanzu/carvel-secretgen-controller/releases/71524101
    path: .
  path: config/carvel-secretgen-controller
- contents:
  - manual: {}
    path: concourse
  path: config/concourse/_ytt_lib
- contents:
  - helmChart:
      appVersion: 7.8.1
      version: 17.0.27
    path: .
  path: build/concourse/_vendir/
kind: LockConfig
